
Microsoft Visual Studio Solution File, Format Version 12.00
# Visual Studio 15
VisualStudioVersion = 15.0.26430.14
MinimumVisualStudioVersion = 10.0.40219.1
Project("{FAE04EC0-301F-11D3-BF4B-00C04F79EFBC}") = "Automix AI", "Automix AI\Automix AI.csproj", "{005F26BB-0EB3-43E8-A915-7A0F67D623A5}"
	ProjectSection(ProjectDependencies) = postProject
		{EA011BC3-8963-4062-A9C4-0A5A2A6BCD7C} = {EA011BC3-8963-4062-A9C4-0A5A2A6BCD7C}
	EndProjectSection
EndProject
Project("{FAE04EC0-301F-11D3-BF4B-00C04F79EFBC}") = "Automix Data Management", "Automix Data Management\Automix Data Management.csproj", "{EA011BC3-8963-4062-A9C4-0A5A2A6BCD7C}"
EndProject
Project("{FAE04EC0-301F-11D3-BF4B-00C04F79EFBC}") = "Automix UI", "Automix UI\Automix UI.csproj", "{DA2306A3-343D-4E50-8F29-EB2A0A172078}"
	ProjectSection(ProjectDependencies) = postProject
		{005F26BB-0EB3-43E8-A915-7A0F67D623A5} = {005F26BB-0EB3-43E8-A915-7A0F67D623A5}
	EndProjectSection
EndProject
Project("{54435603-DBB4-11D2-8724-00A0C9A8B90C}") = "Automix Setup", "Automix Setup\Automix Setup.vdproj", "{9F63E8C3-DDB7-4BFF-B5A3-C821700E9F8E}"
EndProject
Project("{FAE04EC0-301F-11D3-BF4B-00C04F79EFBC}") = "Automix Data Management Tests", "Automix Data Management Tests\Automix Data Management Tests.csproj", "{2E8DA77F-F7B5-44E7-A359-907A8C73EC46}"
EndProject
Project("{FAE04EC0-301F-11D3-BF4B-00C04F79EFBC}") = "Automix AI Tests", "Automix AI Tests\Automix AI Tests.csproj", "{35AA3DB0-8D48-4F95-B594-5366A0EC75AE}"
EndProject
Global
	GlobalSection(SolutionConfigurationPlatforms) = preSolution
		Debug|Any CPU = Debug|Any CPU
		Debug|x64 = Debug|x64
		Debug|x86 = Debug|x86
		Release|Any CPU = Release|Any CPU
		Release|x64 = Release|x64
		Release|x86 = Release|x86
	EndGlobalSection
	GlobalSection(ProjectConfigurationPlatforms) = postSolution
		{005F26BB-0EB3-43E8-A915-7A0F67D623A5}.Debug|Any CPU.ActiveCfg = Debug|Any CPU
		{005F26BB-0EB3-43E8-A915-7A0F67D623A5}.Debug|Any CPU.Build.0 = Debug|Any CPU
		{005F26BB-0EB3-43E8-A915-7A0F67D623A5}.Debug|x64.ActiveCfg = Debug|Any CPU
		{005F26BB-0EB3-43E8-A915-7A0F67D623A5}.Debug|x64.Build.0 = Debug|Any CPU
		{005F26BB-0EB3-43E8-A915-7A0F67D623A5}.Debug|x86.ActiveCfg = Debug|x86
		{005F26BB-0EB3-43E8-A915-7A0F67D623A5}.Debug|x86.Build.0 = Debug|x86
		{005F26BB-0EB3-43E8-A915-7A0F67D623A5}.Release|Any CPU.ActiveCfg = Release|Any CPU
		{005F26BB-0EB3-43E8-A915-7A0F67D623A5}.Release|Any CPU.Build.0 = Release|Any CPU
		{005F26BB-0EB3-43E8-A915-7A0F67D623A5}.Release|x64.ActiveCfg = Release|Any CPU
		{005F26BB-0EB3-43E8-A915-7A0F67D623A5}.Release|x64.Build.0 = Release|Any CPU
		{005F26BB-0EB3-43E8-A915-7A0F67D623A5}.Release|x86.ActiveCfg = Release|x86
		{005F26BB-0EB3-43E8-A915-7A0F67D623A5}.Release|x86.Build.0 = Release|x86
		{EA011BC3-8963-4062-A9C4-0A5A2A6BCD7C}.Debug|Any CPU.ActiveCfg = Debug|Any CPU
		{EA011BC3-8963-4062-A9C4-0A5A2A6BCD7C}.Debug|Any CPU.Build.0 = Debug|Any CPU
		{EA011BC3-8963-4062-A9C4-0A5A2A6BCD7C}.Debug|x64.ActiveCfg = Debug|Any CPU
		{EA011BC3-8963-4062-A9C4-0A5A2A6BCD7C}.Debug|x64.Build.0 = Debug|Any CPU
		{EA011BC3-8963-4062-A9C4-0A5A2A6BCD7C}.Debug|x86.ActiveCfg = Debug|x86
		{EA011BC3-8963-4062-A9C4-0A5A2A6BCD7C}.Debug|x86.Build.0 = Debug|x86
		{EA011BC3-8963-4062-A9C4-0A5A2A6BCD7C}.Release|Any CPU.ActiveCfg = Release|Any CPU
		{EA011BC3-8963-4062-A9C4-0A5A2A6BCD7C}.Release|Any CPU.Build.0 = Release|Any CPU
		{EA011BC3-8963-4062-A9C4-0A5A2A6BCD7C}.Release|x64.ActiveCfg = Release|Any CPU
		{EA011BC3-8963-4062-A9C4-0A5A2A6BCD7C}.Release|x64.Build.0 = Release|Any CPU
		{EA011BC3-8963-4062-A9C4-0A5A2A6BCD7C}.Release|x86.ActiveCfg = Release|x86
		{EA011BC3-8963-4062-A9C4-0A5A2A6BCD7C}.Release|x86.Build.0 = Release|x86
		{DA2306A3-343D-4E50-8F29-EB2A0A172078}.Debug|Any CPU.ActiveCfg = Debug|Any CPU
		{DA2306A3-343D-4E50-8F29-EB2A0A172078}.Debug|Any CPU.Build.0 = Debug|Any CPU
		{DA2306A3-343D-4E50-8F29-EB2A0A172078}.Debug|x64.ActiveCfg = Debug|Any CPU
		{DA2306A3-343D-4E50-8F29-EB2A0A172078}.Debug|x64.Build.0 = Debug|Any CPU
		{DA2306A3-343D-4E50-8F29-EB2A0A172078}.Debug|x86.ActiveCfg = Debug|x86
		{DA2306A3-343D-4E50-8F29-EB2A0A172078}.Debug|x86.Build.0 = Debug|x86
		{DA2306A3-343D-4E50-8F29-EB2A0A172078}.Release|Any CPU.ActiveCfg = Release|Any CPU
		{DA2306A3-343D-4E50-8F29-EB2A0A172078}.Release|Any CPU.Build.0 = Release|Any CPU
		{DA2306A3-343D-4E50-8F29-EB2A0A172078}.Release|x64.ActiveCfg = Release|Any CPU
		{DA2306A3-343D-4E50-8F29-EB2A0A172078}.Release|x64.Build.0 = Release|Any CPU
		{DA2306A3-343D-4E50-8F29-EB2A0A172078}.Release|x86.ActiveCfg = Release|x86
		{DA2306A3-343D-4E50-8F29-EB2A0A172078}.Release|x86.Build.0 = Release|x86
		{9F63E8C3-DDB7-4BFF-B5A3-C821700E9F8E}.Debug|Any CPU.ActiveCfg = Debug
		{9F63E8C3-DDB7-4BFF-B5A3-C821700E9F8E}.Debug|x64.ActiveCfg = Debug
		{9F63E8C3-DDB7-4BFF-B5A3-C821700E9F8E}.Debug|x86.ActiveCfg = Debug
		{9F63E8C3-DDB7-4BFF-B5A3-C821700E9F8E}.Release|Any CPU.ActiveCfg = Release
		{9F63E8C3-DDB7-4BFF-B5A3-C821700E9F8E}.Release|x64.ActiveCfg = Release
		{9F63E8C3-DDB7-4BFF-B5A3-C821700E9F8E}.Release|x86.ActiveCfg = Release
		{2E8DA77F-F7B5-44E7-A359-907A8C73EC46}.Debug|Any CPU.ActiveCfg = Debug|Any CPU
		{2E8DA77F-F7B5-44E7-A359-907A8C73EC46}.Debug|Any CPU.Build.0 = Debug|Any CPU
		{2E8DA77F-F7B5-44E7-A359-907A8C73EC46}.Debug|x64.ActiveCfg = Debug|Any CPU
		{2E8DA77F-F7B5-44E7-A359-907A8C73EC46}.Debug|x64.Build.0 = Debug|Any CPU
		{2E8DA77F-F7B5-44E7-A359-907A8C73EC46}.Debug|x86.ActiveCfg = Debug|Any CPU
		{2E8DA77F-F7B5-44E7-A359-907A8C73EC46}.Debug|x86.Build.0 = Debug|Any CPU
		{2E8DA77F-F7B5-44E7-A359-907A8C73EC46}.Release|Any CPU.ActiveCfg = Release|Any CPU
		{2E8DA77F-F7B5-44E7-A359-907A8C73EC46}.Release|Any CPU.Build.0 = Release|Any CPU
		{2E8DA77F-F7B5-44E7-A359-907A8C73EC46}.Release|x64.ActiveCfg = Release|Any CPU
		{2E8DA77F-F7B5-44E7-A359-907A8C73EC46}.Release|x64.Build.0 = Release|Any CPU
		{2E8DA77F-F7B5-44E7-A359-907A8C73EC46}.Release|x86.ActiveCfg = Release|Any CPU
		{2E8DA77F-F7B5-44E7-A359-907A8C73EC46}.Release|x86.Build.0 = Release|Any CPU
		{35AA3DB0-8D48-4F95-B594-5366A0EC75AE}.Debug|Any CPU.ActiveCfg = Debug|Any CPU
		{35AA3DB0-8D48-4F95-B594-5366A0EC75AE}.Debug|Any CPU.Build.0 = Debug|Any CPU
		{35AA3DB0-8D48-4F95-B594-5366A0EC75AE}.Debug|x64.ActiveCfg = Debug|Any CPU
		{35AA3DB0-8D48-4F95-B594-5366A0EC75AE}.Debug|x64.Build.0 = Debug|Any CPU
		{35AA3DB0-8D48-4F95-B594-5366A0EC75AE}.Debug|x86.ActiveCfg = Debug|Any CPU
		{35AA3DB0-8D48-4F95-B594-5366A0EC75AE}.Debug|x86.Build.0 = Debug|Any CPU
		{35AA3DB0-8D48-4F95-B594-5366A0EC75AE}.Release|Any CPU.ActiveCfg = Release|Any CPU
		{35AA3DB0-8D48-4F95-B594-5366A0EC75AE}.Release|Any CPU.Build.0 = Release|Any CPU
		{35AA3DB0-8D48-4F95-B594-5366A0EC75AE}.Release|x64.ActiveCfg = Release|Any CPU
		{35AA3DB0-8D48-4F95-B594-5366A0EC75AE}.Release|x64.Build.0 = Release|Any CPU
		{35AA3DB0-8D48-4F95-B594-5366A0EC75AE}.Release|x86.ActiveCfg = Release|Any CPU
		{35AA3DB0-8D48-4F95-B594-5366A0EC75AE}.Release|x86.Build.0 = Release|Any CPU
	EndGlobalSection
	GlobalSection(SolutionProperties) = preSolution
		HideSolutionNode = FALSE
	EndGlobalSection
	GlobalSection(ExtensibilityGlobals) = postSolution
		SolutionGuid = {5AF37A94-36EC-44F3-A0B2-C75F5A96F949}
	EndGlobalSection
EndGlobal
