
Microsoft Visual Studio Solution File, Format Version 12.00
# Visual Studio 14
VisualStudioVersion = 14.0.25420.1
MinimumVisualStudioVersion = 10.0.40219.1
Project("{8BC9CEB8-8B4A-11D0-8D11-00A0C91BC942}") = "AutoMix UI", "AutoMix UI\AutoMix UI.vcxproj", "{9696B190-8A31-45BA-A43E-0287102EF438}"
EndProject
Project("{8BC9CEB8-8B4A-11D0-8D11-00A0C91BC942}") = "AutoMix AI", "AutoMix AI\AutoMix AI.vcxproj", "{DA19BBB6-15C6-4B5F-80F0-D5BB52EC0254}"
EndProject
Project("{8BC9CEB8-8B4A-11D0-8D11-00A0C91BC942}") = "AutoMix Data Extraction", "AutoMix Data Extraction\AutoMix Data Extraction.vcxproj", "{18CCFBAF-3A9A-4A32-883D-4CDF70960BD9}"
EndProject
Project("{2150E333-8FDC-42A3-9474-1A3956D46DE8}") = "Solution Items", "Solution Items", "{9B50BC24-2436-4B4D-8D88-AF190D702370}"
EndProject
Project("{8BC9CEB8-8B4A-11D0-8D11-00A0C91BC942}") = "VampPluginSDK", "..\vamp-plugin-sdk-2.6\VampPluginSDK.vcxproj", "{65EFA7D7-C3CE-4D29-BE96-E27F2B5979A5}"
EndProject
Global
	GlobalSection(SolutionConfigurationPlatforms) = preSolution
		Debug|x64 = Debug|x64
		Debug|x86 = Debug|x86
		Release|x64 = Release|x64
		Release|x86 = Release|x86
	EndGlobalSection
	GlobalSection(ProjectConfigurationPlatforms) = postSolution
		{9696B190-8A31-45BA-A43E-0287102EF438}.Debug|x64.ActiveCfg = Debug|x64
		{9696B190-8A31-45BA-A43E-0287102EF438}.Debug|x64.Build.0 = Debug|x64
		{9696B190-8A31-45BA-A43E-0287102EF438}.Debug|x86.ActiveCfg = Debug|Win32
		{9696B190-8A31-45BA-A43E-0287102EF438}.Debug|x86.Build.0 = Debug|Win32
		{9696B190-8A31-45BA-A43E-0287102EF438}.Release|x64.ActiveCfg = Release|x64
		{9696B190-8A31-45BA-A43E-0287102EF438}.Release|x64.Build.0 = Release|x64
		{9696B190-8A31-45BA-A43E-0287102EF438}.Release|x86.ActiveCfg = Release|Win32
		{9696B190-8A31-45BA-A43E-0287102EF438}.Release|x86.Build.0 = Release|Win32
		{DA19BBB6-15C6-4B5F-80F0-D5BB52EC0254}.Debug|x64.ActiveCfg = Debug|x64
		{DA19BBB6-15C6-4B5F-80F0-D5BB52EC0254}.Debug|x64.Build.0 = Debug|x64
		{DA19BBB6-15C6-4B5F-80F0-D5BB52EC0254}.Debug|x86.ActiveCfg = Debug|Win32
		{DA19BBB6-15C6-4B5F-80F0-D5BB52EC0254}.Debug|x86.Build.0 = Debug|Win32
		{DA19BBB6-15C6-4B5F-80F0-D5BB52EC0254}.Release|x64.ActiveCfg = Release|x64
		{DA19BBB6-15C6-4B5F-80F0-D5BB52EC0254}.Release|x64.Build.0 = Release|x64
		{DA19BBB6-15C6-4B5F-80F0-D5BB52EC0254}.Release|x86.ActiveCfg = Release|Win32
		{DA19BBB6-15C6-4B5F-80F0-D5BB52EC0254}.Release|x86.Build.0 = Release|Win32
		{18CCFBAF-3A9A-4A32-883D-4CDF70960BD9}.Debug|x64.ActiveCfg = Debug|x64
		{18CCFBAF-3A9A-4A32-883D-4CDF70960BD9}.Debug|x64.Build.0 = Debug|x64
		{18CCFBAF-3A9A-4A32-883D-4CDF70960BD9}.Debug|x86.ActiveCfg = Debug|Win32
		{18CCFBAF-3A9A-4A32-883D-4CDF70960BD9}.Debug|x86.Build.0 = Debug|Win32
		{18CCFBAF-3A9A-4A32-883D-4CDF70960BD9}.Release|x64.ActiveCfg = Release|x64
		{18CCFBAF-3A9A-4A32-883D-4CDF70960BD9}.Release|x64.Build.0 = Release|x64
		{18CCFBAF-3A9A-4A32-883D-4CDF70960BD9}.Release|x86.ActiveCfg = Release|Win32
		{18CCFBAF-3A9A-4A32-883D-4CDF70960BD9}.Release|x86.Build.0 = Release|Win32
		{65EFA7D7-C3CE-4D29-BE96-E27F2B5979A5}.Debug|x64.ActiveCfg = Debug|x64
		{65EFA7D7-C3CE-4D29-BE96-E27F2B5979A5}.Debug|x64.Build.0 = Debug|x64
		{65EFA7D7-C3CE-4D29-BE96-E27F2B5979A5}.Debug|x86.ActiveCfg = Debug|Win32
		{65EFA7D7-C3CE-4D29-BE96-E27F2B5979A5}.Debug|x86.Build.0 = Debug|Win32
		{65EFA7D7-C3CE-4D29-BE96-E27F2B5979A5}.Release|x64.ActiveCfg = Release|x64
		{65EFA7D7-C3CE-4D29-BE96-E27F2B5979A5}.Release|x64.Build.0 = Release|x64
		{65EFA7D7-C3CE-4D29-BE96-E27F2B5979A5}.Release|x86.ActiveCfg = Release|Win32
		{65EFA7D7-C3CE-4D29-BE96-E27F2B5979A5}.Release|x86.Build.0 = Release|Win32
	EndGlobalSection
	GlobalSection(SolutionProperties) = preSolution
		HideSolutionNode = FALSE
	EndGlobalSection
EndGlobal
