
Microsoft Visual Studio Solution File, Format Version 12.00
# Visual Studio 14
VisualStudioVersion = 14.0.25420.1
MinimumVisualStudioVersion = 10.0.40219.1
Project("{8BC9CEB8-8B4A-11D0-8D11-00A0C91BC942}") = "AutoMix AI", "AutoMix AI\AutoMix AI.vcxproj", "{7D6FF8D6-B131-434F-ADD7-AC76B2A9B6C2}"
	ProjectSection(ProjectDependencies) = postProject
		{57876097-6068-4A0C-8140-38B16F184979} = {57876097-6068-4A0C-8140-38B16F184979}
	EndProjectSection
EndProject
Project("{8BC9CEB8-8B4A-11D0-8D11-00A0C91BC942}") = "AutoMix UI", "AutoMix UI\AutoMix UI.vcxproj", "{81E83039-E139-4170-9BA7-6F942DF84808}"
	ProjectSection(ProjectDependencies) = postProject
		{57876097-6068-4A0C-8140-38B16F184979} = {57876097-6068-4A0C-8140-38B16F184979}
		{7D6FF8D6-B131-434F-ADD7-AC76B2A9B6C2} = {7D6FF8D6-B131-434F-ADD7-AC76B2A9B6C2}
	EndProjectSection
EndProject
Project("{8BC9CEB8-8B4A-11D0-8D11-00A0C91BC942}") = "AutoMix Data Management", "AutoMix Data Management\AutoMix Data Management.vcxproj", "{57876097-6068-4A0C-8140-38B16F184979}"
EndProject
Project("{8BC9CEB8-8B4A-11D0-8D11-00A0C91BC942}") = "AutoMix Tests", "AutoMix Tests\AutoMix Tests.vcxproj", "{125F61B9-8758-4927-AAF1-5AB198DB0026}"
EndProject
Project("{6141683F-8A12-4E36-9623-2EB02B2C2303}") = "AutoMix Software Installer", "AutoMix Software Installer\AutoMix Software Installer.isproj", "{F27EAE01-E8D9-4020-9933-F874E72A341A}"
	ProjectSection(ProjectDependencies) = postProject
		{81E83039-E139-4170-9BA7-6F942DF84808} = {81E83039-E139-4170-9BA7-6F942DF84808}
		{57876097-6068-4A0C-8140-38B16F184979} = {57876097-6068-4A0C-8140-38B16F184979}
		{7D6FF8D6-B131-434F-ADD7-AC76B2A9B6C2} = {7D6FF8D6-B131-434F-ADD7-AC76B2A9B6C2}
	EndProjectSection
EndProject
Global
	GlobalSection(SolutionConfigurationPlatforms) = preSolution
		Debug|x64 = Debug|x64
		Debug|x86 = Debug|x86
		Release|x64 = Release|x64
		Release|x86 = Release|x86
	EndGlobalSection
	GlobalSection(ProjectConfigurationPlatforms) = postSolution
		{7D6FF8D6-B131-434F-ADD7-AC76B2A9B6C2}.Debug|x64.ActiveCfg = Debug|Win32
		{7D6FF8D6-B131-434F-ADD7-AC76B2A9B6C2}.Debug|x64.Build.0 = Debug|Win32
		{7D6FF8D6-B131-434F-ADD7-AC76B2A9B6C2}.Debug|x86.ActiveCfg = Debug|Win32
		{7D6FF8D6-B131-434F-ADD7-AC76B2A9B6C2}.Debug|x86.Build.0 = Debug|Win32
		{7D6FF8D6-B131-434F-ADD7-AC76B2A9B6C2}.Release|x64.ActiveCfg = Release|Win32
		{7D6FF8D6-B131-434F-ADD7-AC76B2A9B6C2}.Release|x64.Build.0 = Release|Win32
		{7D6FF8D6-B131-434F-ADD7-AC76B2A9B6C2}.Release|x86.ActiveCfg = Release|Win32
		{7D6FF8D6-B131-434F-ADD7-AC76B2A9B6C2}.Release|x86.Build.0 = Release|Win32
		{81E83039-E139-4170-9BA7-6F942DF84808}.Debug|x64.ActiveCfg = Debug|Win32
		{81E83039-E139-4170-9BA7-6F942DF84808}.Debug|x64.Build.0 = Debug|Win32
		{81E83039-E139-4170-9BA7-6F942DF84808}.Debug|x86.ActiveCfg = Debug|Win32
		{81E83039-E139-4170-9BA7-6F942DF84808}.Debug|x86.Build.0 = Debug|Win32
		{81E83039-E139-4170-9BA7-6F942DF84808}.Release|x64.ActiveCfg = Release|Win32
		{81E83039-E139-4170-9BA7-6F942DF84808}.Release|x64.Build.0 = Release|Win32
		{81E83039-E139-4170-9BA7-6F942DF84808}.Release|x86.ActiveCfg = Release|Win32
		{81E83039-E139-4170-9BA7-6F942DF84808}.Release|x86.Build.0 = Release|Win32
		{57876097-6068-4A0C-8140-38B16F184979}.Debug|x64.ActiveCfg = Debug|Win32
		{57876097-6068-4A0C-8140-38B16F184979}.Debug|x64.Build.0 = Debug|Win32
		{57876097-6068-4A0C-8140-38B16F184979}.Debug|x86.ActiveCfg = Debug|Win32
		{57876097-6068-4A0C-8140-38B16F184979}.Debug|x86.Build.0 = Debug|Win32
		{57876097-6068-4A0C-8140-38B16F184979}.Release|x64.ActiveCfg = Release|Win32
		{57876097-6068-4A0C-8140-38B16F184979}.Release|x64.Build.0 = Release|Win32
		{57876097-6068-4A0C-8140-38B16F184979}.Release|x86.ActiveCfg = Release|Win32
		{57876097-6068-4A0C-8140-38B16F184979}.Release|x86.Build.0 = Release|Win32
		{125F61B9-8758-4927-AAF1-5AB198DB0026}.Debug|x64.ActiveCfg = Debug|Win32
		{125F61B9-8758-4927-AAF1-5AB198DB0026}.Debug|x64.Build.0 = Debug|Win32
		{125F61B9-8758-4927-AAF1-5AB198DB0026}.Debug|x86.ActiveCfg = Debug|Win32
		{125F61B9-8758-4927-AAF1-5AB198DB0026}.Debug|x86.Build.0 = Debug|Win32
		{125F61B9-8758-4927-AAF1-5AB198DB0026}.Release|x64.ActiveCfg = Release|Win32
		{125F61B9-8758-4927-AAF1-5AB198DB0026}.Release|x86.ActiveCfg = Release|Win32
		{F27EAE01-E8D9-4020-9933-F874E72A341A}.Debug|x64.ActiveCfg = SingleImage
		{F27EAE01-E8D9-4020-9933-F874E72A341A}.Debug|x86.ActiveCfg = SingleImage
		{F27EAE01-E8D9-4020-9933-F874E72A341A}.Release|x64.ActiveCfg = SingleImage
		{F27EAE01-E8D9-4020-9933-F874E72A341A}.Release|x86.ActiveCfg = SingleImage
	EndGlobalSection
	GlobalSection(SolutionProperties) = preSolution
		HideSolutionNode = FALSE
	EndGlobalSection
EndGlobal
