<?xml version="1.0" encoding="utf-8"?>
<Project ToolsVersion="4.0" xmlns="http://schemas.microsoft.com/developer/msbuild/2003">
  <ItemGroup>
    <Filter Include="Source Files">
      <UniqueIdentifier>{4FC737F1-C7A5-4376-A066-2A32D752A2FF}</UniqueIdentifier>
      <Extensions>cpp;c;cc;cxx;def;odl;idl;hpj;bat;asm;asmx</Extensions>
    </Filter>
    <Filter Include="Header Files">
      <UniqueIdentifier>{93995380-89BD-4b04-88EB-625FBE52EBFB}</UniqueIdentifier>
      <Extensions>h;hh;hpp;hxx;hm;inl;inc;xsd</Extensions>
    </Filter>
    <Filter Include="Resource Files">
      <UniqueIdentifier>{67DA6AB6-F800-4c08-8B7A-83BB121AAD01}</UniqueIdentifier>
      <Extensions>rc;ico;cur;bmp;dlg;rc2;rct;bin;rgs;gif;jpg;jpeg;jpe;resx;tiff;tif;png;wav;mfcribbon-ms</Extensions>
    </Filter>
    <Filter Include="Header Files\DataExtraction">
      <UniqueIdentifier>{8c89b7e4-28af-4aa7-8627-8daabf358510}</UniqueIdentifier>
    </Filter>
    <Filter Include="Header Files\Audio Exportation">
      <UniqueIdentifier>{39b49334-335b-445d-a6fc-c7ce39096f4a}</UniqueIdentifier>
    </Filter>
    <Filter Include="Source Files\Data Exctraction">
      <UniqueIdentifier>{a524f7e4-ec79-40b2-98e1-20d0c06384d1}</UniqueIdentifier>
    </Filter>
    <Filter Include="Source Files\Audio Exportation">
      <UniqueIdentifier>{2d112654-5791-4c8a-90c9-c67ba716359b}</UniqueIdentifier>
    </Filter>
    <Filter Include="Header Files\Collections">
      <UniqueIdentifier>{0147c687-8671-4b08-a372-b2b23c4164f4}</UniqueIdentifier>
    </Filter>
    <Filter Include="Source Files\Collections">
      <UniqueIdentifier>{5ea060c6-9830-4b40-8bf4-69a5e9c47f7b}</UniqueIdentifier>
    </Filter>
  </ItemGroup>
  <ItemGroup>
    <ClInclude Include="Stdafx.h">
      <Filter>Header Files</Filter>
    </ClInclude>
    <ClInclude Include="resource.h">
      <Filter>Header Files</Filter>
    </ClInclude>
    <ClInclude Include="AutoMixDataManagement.h">
      <Filter>Header Files</Filter>
    </ClInclude>
    <ClInclude Include="Utils.h">
      <Filter>Header Files</Filter>
    </ClInclude>
    <ClInclude Include="AudioDataExtractionMock.h">
      <Filter>Header Files\DataExtraction</Filter>
    </ClInclude>
    <ClInclude Include="AudioDataExtractionProxy.h">
      <Filter>Header Files\DataExtraction</Filter>
    </ClInclude>
    <ClInclude Include="IAudioDataExtraction.h">
      <Filter>Header Files\DataExtraction</Filter>
    </ClInclude>
    <ClInclude Include="TrackCollection.h">
      <Filter>Header Files\Collections</Filter>
    </ClInclude>
    <ClInclude Include="Track.h">
      <Filter>Header Files\Collections</Filter>
    </ClInclude>
    <ClInclude Include="AudioExportationMock.h">
      <Filter>Header Files\Audio Exportation</Filter>
    </ClInclude>
    <ClInclude Include="AudioExportationProxy.h">
      <Filter>Header Files\Audio Exportation</Filter>
    </ClInclude>
    <ClInclude Include="IAudioExportation.h">
      <Filter>Header Files\Audio Exportation</Filter>
    </ClInclude>
  </ItemGroup>
  <ItemGroup>
    <ClCompile Include="AssemblyInfo.cpp">
      <Filter>Source Files</Filter>
    </ClCompile>
    <ClCompile Include="Stdafx.cpp">
      <Filter>Source Files</Filter>
    </ClCompile>
    <ClCompile Include="AutoMixDataManagement.cpp">
      <Filter>Source Files</Filter>
    </ClCompile>
    <ClCompile Include="Utils.cpp">
      <Filter>Source Files</Filter>
    </ClCompile>
    <ClCompile Include="AudioDataExtractionProxy.cpp">
      <Filter>Source Files\Data Exctraction</Filter>
    </ClCompile>
    <ClCompile Include="AudioDataExtractionMock.cpp">
      <Filter>Source Files\Data Exctraction</Filter>
    </ClCompile>
    <ClCompile Include="AudioExportationProxy.cpp">
      <Filter>Source Files\Audio Exportation</Filter>
    </ClCompile>
    <ClCompile Include="TrackCollection.cpp">
      <Filter>Source Files\Collections</Filter>
    </ClCompile>
    <ClCompile Include="Track.cpp">
      <Filter>Source Files\Collections</Filter>
    </ClCompile>
    <ClCompile Include="AudioExportationMock.cpp">
      <Filter>Source Files\Audio Exportation</Filter>
    </ClCompile>
  </ItemGroup>
  <ItemGroup>
    <Text Include="ReadMe.txt" />
  </ItemGroup>
  <ItemGroup>
    <ResourceCompile Include="app.rc">
      <Filter>Resource Files</Filter>
    </ResourceCompile>
  </ItemGroup>
  <ItemGroup>
    <Image Include="app.ico">
      <Filter>Resource Files</Filter>
    </Image>
  </ItemGroup>
</Project>